
Microsoft Visual Studio Solution File, Format Version 12.00
# Visual Studio 15
VisualStudioVersion = 15.0.26124.0
MinimumVisualStudioVersion = 15.0.26124.0
Project("{2150E333-8FDC-42A3-9474-1A3956D46DE8}") = "src", "src", "{6CF060E0-2F26-45DA-A6F8-0CE560BB7FDE}"
EndProject
Project("{FAE04EC0-301F-11D3-BF4B-00C04F79EFBC}") = "PalTracker", "src\PalTracker\PalTracker.csproj", "{1D0880C6-12FE-4032-B82B-F1D51DB29A95}"
EndProject
Project("{2150E333-8FDC-42A3-9474-1A3956D46DE8}") = "test", "test", "{C0781B3F-3617-4B6A-9666-B4AC3D85AAD3}"
EndProject
Project("{FAE04EC0-301F-11D3-BF4B-00C04F79EFBC}") = "PalTrackerTests", "test\PalTrackerTests\PalTrackerTests.csproj", "{FCFD5362-DE99-440C-90A6-AFF0F775D9E3}"
EndProject
Global
	GlobalSection(SolutionConfigurationPlatforms) = preSolution
		Debug|Any CPU = Debug|Any CPU
		Debug|x64 = Debug|x64
		Debug|x86 = Debug|x86
		Release|Any CPU = Release|Any CPU
		Release|x64 = Release|x64
		Release|x86 = Release|x86
	EndGlobalSection
	GlobalSection(SolutionProperties) = preSolution
		HideSolutionNode = FALSE
	EndGlobalSection
	GlobalSection(ProjectConfigurationPlatforms) = postSolution
		{1D0880C6-12FE-4032-B82B-F1D51DB29A95}.Debug|Any CPU.ActiveCfg = Debug|Any CPU
		{1D0880C6-12FE-4032-B82B-F1D51DB29A95}.Debug|Any CPU.Build.0 = Debug|Any CPU
		{1D0880C6-12FE-4032-B82B-F1D51DB29A95}.Debug|x64.ActiveCfg = Debug|Any CPU
		{1D0880C6-12FE-4032-B82B-F1D51DB29A95}.Debug|x64.Build.0 = Debug|Any CPU
		{1D0880C6-12FE-4032-B82B-F1D51DB29A95}.Debug|x86.ActiveCfg = Debug|Any CPU
		{1D0880C6-12FE-4032-B82B-F1D51DB29A95}.Debug|x86.Build.0 = Debug|Any CPU
		{1D0880C6-12FE-4032-B82B-F1D51DB29A95}.Release|Any CPU.ActiveCfg = Release|Any CPU
		{1D0880C6-12FE-4032-B82B-F1D51DB29A95}.Release|Any CPU.Build.0 = Release|Any CPU
		{1D0880C6-12FE-4032-B82B-F1D51DB29A95}.Release|x64.ActiveCfg = Release|Any CPU
		{1D0880C6-12FE-4032-B82B-F1D51DB29A95}.Release|x64.Build.0 = Release|Any CPU
		{1D0880C6-12FE-4032-B82B-F1D51DB29A95}.Release|x86.ActiveCfg = Release|Any CPU
		{1D0880C6-12FE-4032-B82B-F1D51DB29A95}.Release|x86.Build.0 = Release|Any CPU
		{FCFD5362-DE99-440C-90A6-AFF0F775D9E3}.Debug|Any CPU.ActiveCfg = Debug|Any CPU
		{FCFD5362-DE99-440C-90A6-AFF0F775D9E3}.Debug|Any CPU.Build.0 = Debug|Any CPU
		{FCFD5362-DE99-440C-90A6-AFF0F775D9E3}.Debug|x64.ActiveCfg = Debug|Any CPU
		{FCFD5362-DE99-440C-90A6-AFF0F775D9E3}.Debug|x64.Build.0 = Debug|Any CPU
		{FCFD5362-DE99-440C-90A6-AFF0F775D9E3}.Debug|x86.ActiveCfg = Debug|Any CPU
		{FCFD5362-DE99-440C-90A6-AFF0F775D9E3}.Debug|x86.Build.0 = Debug|Any CPU
		{FCFD5362-DE99-440C-90A6-AFF0F775D9E3}.Release|Any CPU.ActiveCfg = Release|Any CPU
		{FCFD5362-DE99-440C-90A6-AFF0F775D9E3}.Release|Any CPU.Build.0 = Release|Any CPU
		{FCFD5362-DE99-440C-90A6-AFF0F775D9E3}.Release|x64.ActiveCfg = Release|Any CPU
		{FCFD5362-DE99-440C-90A6-AFF0F775D9E3}.Release|x64.Build.0 = Release|Any CPU
		{FCFD5362-DE99-440C-90A6-AFF0F775D9E3}.Release|x86.ActiveCfg = Release|Any CPU
		{FCFD5362-DE99-440C-90A6-AFF0F775D9E3}.Release|x86.Build.0 = Release|Any CPU
	EndGlobalSection
	GlobalSection(NestedProjects) = preSolution
		{1D0880C6-12FE-4032-B82B-F1D51DB29A95} = {6CF060E0-2F26-45DA-A6F8-0CE560BB7FDE}
		{FCFD5362-DE99-440C-90A6-AFF0F775D9E3} = {C0781B3F-3617-4B6A-9666-B4AC3D85AAD3}
	EndGlobalSection
EndGlobal
